
Microsoft Visual Studio Solution File, Format Version 12.00
# Visual Studio Version 17
VisualStudioVersion = 17.0.31612.314
MinimumVisualStudioVersion = 10.0.40219.1
Project("{8BC9CEB8-8B4A-11D0-8D11-00A0C91BC942}") = "Exo1", "Exo1\Exo1.vcxproj", "{8BDE7196-3248-4A62-AE33-973EB57A3B32}"
EndProject
Project("{8BC9CEB8-8B4A-11D0-8D11-00A0C91BC942}") = "Exo2", "Exo2\Exo2.vcxproj", "{1F682BD3-0C86-477F-889C-DA2523FC0513}"
EndProject
Project("{8BC9CEB8-8B4A-11D0-8D11-00A0C91BC942}") = "Exo3", "Exo3\Exo3.vcxproj", "{5E1EBABB-120F-4159-AC83-625A423299E4}"
EndProject
Project("{8BC9CEB8-8B4A-11D0-8D11-00A0C91BC942}") = "Exo4", "Exo4\Exo4.vcxproj", "{AB2A32DD-D309-426E-BA4C-023791C9C3DB}"
EndProject
Project("{8BC9CEB8-8B4A-11D0-8D11-00A0C91BC942}") = "Exo5", "Exo5\Exo5.vcxproj", "{889CADD3-68D7-4424-8C98-C538F2DCBBEB}"
EndProject
Project("{8BC9CEB8-8B4A-11D0-8D11-00A0C91BC942}") = "Exo6", "Exo6\Exo6.vcxproj", "{E18C2F75-9B3D-4F2D-86BB-B5256218839A}"
EndProject
Project("{2150E333-8FDC-42A3-9474-1A3956D46DE8}") = "Subject", "Subject", "{C6DDEC14-A9D0-42DB-86DF-AD99D5354149}"
	ProjectSection(SolutionItems) = preProject
		TD PRG1001-StartProgrammingInC.md = TD PRG1001-StartProgrammingInC.md
	EndProjectSection
EndProject
Global
	GlobalSection(SolutionConfigurationPlatforms) = preSolution
		Debug|x64 = Debug|x64
		Debug|x86 = Debug|x86
		Release|x64 = Release|x64
		Release|x86 = Release|x86
	EndGlobalSection
	GlobalSection(ProjectConfigurationPlatforms) = postSolution
		{8BDE7196-3248-4A62-AE33-973EB57A3B32}.Debug|x64.ActiveCfg = Debug|x64
		{8BDE7196-3248-4A62-AE33-973EB57A3B32}.Debug|x64.Build.0 = Debug|x64
		{8BDE7196-3248-4A62-AE33-973EB57A3B32}.Debug|x86.ActiveCfg = Debug|Win32
		{8BDE7196-3248-4A62-AE33-973EB57A3B32}.Debug|x86.Build.0 = Debug|Win32
		{8BDE7196-3248-4A62-AE33-973EB57A3B32}.Release|x64.ActiveCfg = Release|x64
		{8BDE7196-3248-4A62-AE33-973EB57A3B32}.Release|x64.Build.0 = Release|x64
		{8BDE7196-3248-4A62-AE33-973EB57A3B32}.Release|x86.ActiveCfg = Release|Win32
		{8BDE7196-3248-4A62-AE33-973EB57A3B32}.Release|x86.Build.0 = Release|Win32
		{1F682BD3-0C86-477F-889C-DA2523FC0513}.Debug|x64.ActiveCfg = Debug|x64
		{1F682BD3-0C86-477F-889C-DA2523FC0513}.Debug|x64.Build.0 = Debug|x64
		{1F682BD3-0C86-477F-889C-DA2523FC0513}.Debug|x86.ActiveCfg = Debug|Win32
		{1F682BD3-0C86-477F-889C-DA2523FC0513}.Debug|x86.Build.0 = Debug|Win32
		{1F682BD3-0C86-477F-889C-DA2523FC0513}.Release|x64.ActiveCfg = Release|x64
		{1F682BD3-0C86-477F-889C-DA2523FC0513}.Release|x64.Build.0 = Release|x64
		{1F682BD3-0C86-477F-889C-DA2523FC0513}.Release|x86.ActiveCfg = Release|Win32
		{1F682BD3-0C86-477F-889C-DA2523FC0513}.Release|x86.Build.0 = Release|Win32
		{5E1EBABB-120F-4159-AC83-625A423299E4}.Debug|x64.ActiveCfg = Debug|x64
		{5E1EBABB-120F-4159-AC83-625A423299E4}.Debug|x64.Build.0 = Debug|x64
		{5E1EBABB-120F-4159-AC83-625A423299E4}.Debug|x86.ActiveCfg = Debug|Win32
		{5E1EBABB-120F-4159-AC83-625A423299E4}.Debug|x86.Build.0 = Debug|Win32
		{5E1EBABB-120F-4159-AC83-625A423299E4}.Release|x64.ActiveCfg = Release|x64
		{5E1EBABB-120F-4159-AC83-625A423299E4}.Release|x64.Build.0 = Release|x64
		{5E1EBABB-120F-4159-AC83-625A423299E4}.Release|x86.ActiveCfg = Release|Win32
		{5E1EBABB-120F-4159-AC83-625A423299E4}.Release|x86.Build.0 = Release|Win32
		{AB2A32DD-D309-426E-BA4C-023791C9C3DB}.Debug|x64.ActiveCfg = Debug|x64
		{AB2A32DD-D309-426E-BA4C-023791C9C3DB}.Debug|x64.Build.0 = Debug|x64
		{AB2A32DD-D309-426E-BA4C-023791C9C3DB}.Debug|x86.ActiveCfg = Debug|Win32
		{AB2A32DD-D309-426E-BA4C-023791C9C3DB}.Debug|x86.Build.0 = Debug|Win32
		{AB2A32DD-D309-426E-BA4C-023791C9C3DB}.Release|x64.ActiveCfg = Release|x64
		{AB2A32DD-D309-426E-BA4C-023791C9C3DB}.Release|x64.Build.0 = Release|x64
		{AB2A32DD-D309-426E-BA4C-023791C9C3DB}.Release|x86.ActiveCfg = Release|Win32
		{AB2A32DD-D309-426E-BA4C-023791C9C3DB}.Release|x86.Build.0 = Release|Win32
		{889CADD3-68D7-4424-8C98-C538F2DCBBEB}.Debug|x64.ActiveCfg = Debug|x64
		{889CADD3-68D7-4424-8C98-C538F2DCBBEB}.Debug|x64.Build.0 = Debug|x64
		{889CADD3-68D7-4424-8C98-C538F2DCBBEB}.Debug|x86.ActiveCfg = Debug|Win32
		{889CADD3-68D7-4424-8C98-C538F2DCBBEB}.Debug|x86.Build.0 = Debug|Win32
		{889CADD3-68D7-4424-8C98-C538F2DCBBEB}.Release|x64.ActiveCfg = Release|x64
		{889CADD3-68D7-4424-8C98-C538F2DCBBEB}.Release|x64.Build.0 = Release|x64
		{889CADD3-68D7-4424-8C98-C538F2DCBBEB}.Release|x86.ActiveCfg = Release|Win32
		{889CADD3-68D7-4424-8C98-C538F2DCBBEB}.Release|x86.Build.0 = Release|Win32
		{E18C2F75-9B3D-4F2D-86BB-B5256218839A}.Debug|x64.ActiveCfg = Debug|x64
		{E18C2F75-9B3D-4F2D-86BB-B5256218839A}.Debug|x64.Build.0 = Debug|x64
		{E18C2F75-9B3D-4F2D-86BB-B5256218839A}.Debug|x86.ActiveCfg = Debug|Win32
		{E18C2F75-9B3D-4F2D-86BB-B5256218839A}.Debug|x86.Build.0 = Debug|Win32
		{E18C2F75-9B3D-4F2D-86BB-B5256218839A}.Release|x64.ActiveCfg = Release|x64
		{E18C2F75-9B3D-4F2D-86BB-B5256218839A}.Release|x64.Build.0 = Release|x64
		{E18C2F75-9B3D-4F2D-86BB-B5256218839A}.Release|x86.ActiveCfg = Release|Win32
		{E18C2F75-9B3D-4F2D-86BB-B5256218839A}.Release|x86.Build.0 = Release|Win32
	EndGlobalSection
	GlobalSection(SolutionProperties) = preSolution
		HideSolutionNode = FALSE
	EndGlobalSection
	GlobalSection(ExtensibilityGlobals) = postSolution
		SolutionGuid = {32F78AAE-2408-415F-8D66-04E4BA329EBA}
	EndGlobalSection
EndGlobal
